
Microsoft Visual Studio Solution File, Format Version 12.00
# Visual Studio Version 17
VisualStudioVersion = 17.4.33205.214
MinimumVisualStudioVersion = 10.0.40219.1
Project("{9A19103F-16F7-4668-BE54-9A1E7A4F7556}") = "IMDB", "IMDB\IMDB.csproj", "{7AD9E944-6813-4709-8C5C-272254062D68}"
EndProject
Global
	GlobalSection(SolutionConfigurationPlatforms) = preSolution
		Debug|Any CPU = Debug|Any CPU
		Release|Any CPU = Release|Any CPU
	EndGlobalSection
	GlobalSection(ProjectConfigurationPlatforms) = postSolution
		{7AD9E944-6813-4709-8C5C-272254062D68}.Debug|Any CPU.ActiveCfg = Debug|Any CPU
		{7AD9E944-6813-4709-8C5C-272254062D68}.Debug|Any CPU.Build.0 = Debug|Any CPU
		{7AD9E944-6813-4709-8C5C-272254062D68}.Release|Any CPU.ActiveCfg = Release|Any CPU
		{7AD9E944-6813-4709-8C5C-272254062D68}.Release|Any CPU.Build.0 = Release|Any CPU
	EndGlobalSection
	GlobalSection(SolutionProperties) = preSolution
		HideSolutionNode = FALSE
	EndGlobalSection
	GlobalSection(ExtensibilityGlobals) = postSolution
		SolutionGuid = {F9831D6C-A35B-4206-932A-72E785696E58}
	EndGlobalSection
EndGlobal
